
Microsoft Visual Studio Solution File, Format Version 12.00
# Visual Studio Version 16
VisualStudioVersion = 16.0.33328.57
MinimumVisualStudioVersion = 10.0.40219.1
Project("{9A19103F-16F7-4668-BE54-9A1E7A4F7556}") = "AurigaPetProject2023.DataAccess", "AurigaPetProject2023.DataAccess\AurigaPetProject2023.DataAccess.csproj", "{8EEFD18D-00DD-42DA-AC78-B980DB5E08FC}"
EndProject
Project("{9A19103F-16F7-4668-BE54-9A1E7A4F7556}") = "AurigaPetProject2023.Controls", "AurigaPetProject2023.Controls\AurigaPetProject2023.Controls.csproj", "{C30303BF-F3A3-4E26-BE40-4B3DC43D2A95}"
EndProject
Project("{9A19103F-16F7-4668-BE54-9A1E7A4F7556}") = "AurigaPetProject2023.UIviaWPF", "AurigaPetProject2023.UIviaWPF\AurigaPetProject2023.UIviaWPF.csproj", "{5D0D5175-05DC-4414-B06D-A01B268D2F16}"
EndProject
Global
	GlobalSection(SolutionConfigurationPlatforms) = preSolution
		Debug|Any CPU = Debug|Any CPU
		Release|Any CPU = Release|Any CPU
	EndGlobalSection
	GlobalSection(ProjectConfigurationPlatforms) = postSolution
		{8EEFD18D-00DD-42DA-AC78-B980DB5E08FC}.Debug|Any CPU.ActiveCfg = Debug|Any CPU
		{8EEFD18D-00DD-42DA-AC78-B980DB5E08FC}.Debug|Any CPU.Build.0 = Debug|Any CPU
		{8EEFD18D-00DD-42DA-AC78-B980DB5E08FC}.Release|Any CPU.ActiveCfg = Release|Any CPU
		{8EEFD18D-00DD-42DA-AC78-B980DB5E08FC}.Release|Any CPU.Build.0 = Release|Any CPU
		{C30303BF-F3A3-4E26-BE40-4B3DC43D2A95}.Debug|Any CPU.ActiveCfg = Debug|Any CPU
		{C30303BF-F3A3-4E26-BE40-4B3DC43D2A95}.Debug|Any CPU.Build.0 = Debug|Any CPU
		{C30303BF-F3A3-4E26-BE40-4B3DC43D2A95}.Release|Any CPU.ActiveCfg = Release|Any CPU
		{C30303BF-F3A3-4E26-BE40-4B3DC43D2A95}.Release|Any CPU.Build.0 = Release|Any CPU
		{5D0D5175-05DC-4414-B06D-A01B268D2F16}.Debug|Any CPU.ActiveCfg = Debug|Any CPU
		{5D0D5175-05DC-4414-B06D-A01B268D2F16}.Debug|Any CPU.Build.0 = Debug|Any CPU
		{5D0D5175-05DC-4414-B06D-A01B268D2F16}.Release|Any CPU.ActiveCfg = Release|Any CPU
		{5D0D5175-05DC-4414-B06D-A01B268D2F16}.Release|Any CPU.Build.0 = Release|Any CPU
	EndGlobalSection
	GlobalSection(SolutionProperties) = preSolution
		HideSolutionNode = FALSE
	EndGlobalSection
	GlobalSection(ExtensibilityGlobals) = postSolution
		SolutionGuid = {32C60F03-C49B-4663-8C31-230C9BC9D1E3}
	EndGlobalSection
EndGlobal
